
Microsoft Visual Studio Solution File, Format Version 12.00
# Visual Studio Version 17
VisualStudioVersion = 17.8.34316.72
MinimumVisualStudioVersion = 10.0.40219.1
Project("{FAE04EC0-301F-11D3-BF4B-00C04F79EFBC}") = "LAB2", "LAB2\LAB2.csproj", "{B4774B35-F4F6-4823-8A01-F903DB0499E0}"
EndProject
Global
	GlobalSection(SolutionConfigurationPlatforms) = preSolution
		Debug|Any CPU = Debug|Any CPU
		Release|Any CPU = Release|Any CPU
	EndGlobalSection
	GlobalSection(ProjectConfigurationPlatforms) = postSolution
		{B4774B35-F4F6-4823-8A01-F903DB0499E0}.Debug|Any CPU.ActiveCfg = Debug|Any CPU
		{B4774B35-F4F6-4823-8A01-F903DB0499E0}.Debug|Any CPU.Build.0 = Debug|Any CPU
		{B4774B35-F4F6-4823-8A01-F903DB0499E0}.Release|Any CPU.ActiveCfg = Release|Any CPU
		{B4774B35-F4F6-4823-8A01-F903DB0499E0}.Release|Any CPU.Build.0 = Release|Any CPU
	EndGlobalSection
	GlobalSection(SolutionProperties) = preSolution
		HideSolutionNode = FALSE
	EndGlobalSection
	GlobalSection(ExtensibilityGlobals) = postSolution
		SolutionGuid = {C8DD4D41-947F-40E4-ADE9-C33A47BEA273}
	EndGlobalSection
EndGlobal
